PODS:
  - Alamofire (4.9.1)
  - AlamofireObjectMapper (5.2.1):
    - Alamofire (~> 4.7)
    - ObjectMapper (~> 3.4)
  - ObjectMapper (3.5.3)
  - Realm (10.1.2):
    - Realm/Headers (= 10.1.2)
  - Realm/Headers (10.1.2)
  - RealmSwift (10.1.2):
    - Realm (= 10.1.2)

DEPENDENCIES:
  - Alamofire (~> 4.5)
  - AlamofireObjectMapper (~> 5.2)
  - RealmSwift

SPEC REPOS:
  trunk:
    - Alamofire
    - AlamofireObjectMapper
    - ObjectMapper
    - Realm
    - RealmSwift

SPEC CHECKSUMS:
  Alamofire: 85e8a02c69d6020a0d734f6054870d7ecb75cf18
  AlamofireObjectMapper: 1989f690e982b71921b9253f53a4f33a9bc00d88
  ObjectMapper: 97111c97e054a6ee25917662106689f0b4127b37
  Realm: 031fdd4be7094d01b43af1a5e49766ab644bb800
  RealmSwift: 43cf2e114baa9d17d34eb81e7d0def31f21cd444

PODFILE CHECKSUM: 2147f0216915d8b20b9a00e422f5c2d962a4b43b

COCOAPODS: 1.10.0
